
Microsoft Visual Studio Solution File, Format Version 12.00
# Visual Studio Version 17
VisualStudioVersion = 17.9.34714.143
MinimumVisualStudioVersion = 10.0.40219.1
Project("{8BC9CEB8-8B4A-11D0-8D11-00A0C91BC942}") = "test", "test\test.vcxproj", "{10AD0BC5-E773-4CEB-A6CA-34EABCE06165}"
	ProjectSection(ProjectDependencies) = postProject
		{8D5207A2-D6B1-4470-BC81-AE195DFBFFA5} = {8D5207A2-D6B1-4470-BC81-AE195DFBFFA5}
	EndProjectSection
EndProject
Project("{8BC9CEB8-8B4A-11D0-8D11-00A0C91BC942}") = "DFramework", "..\DFramework\DFramework\DFramework.vcxproj", "{8D5207A2-D6B1-4470-BC81-AE195DFBFFA5}"
EndProject
Global
	GlobalSection(SolutionConfigurationPlatforms) = preSolution
		Debug|x64 = Debug|x64
		Debug|x86 = Debug|x86
		Release|x64 = Release|x64
		Release|x86 = Release|x86
	EndGlobalSection
	GlobalSection(ProjectConfigurationPlatforms) = postSolution
		{10AD0BC5-E773-4CEB-A6CA-34EABCE06165}.Debug|x64.ActiveCfg = Debug|x64
		{10AD0BC5-E773-4CEB-A6CA-34EABCE06165}.Debug|x64.Build.0 = Debug|x64
		{10AD0BC5-E773-4CEB-A6CA-34EABCE06165}.Debug|x86.ActiveCfg = Debug|Win32
		{10AD0BC5-E773-4CEB-A6CA-34EABCE06165}.Debug|x86.Build.0 = Debug|Win32
		{10AD0BC5-E773-4CEB-A6CA-34EABCE06165}.Release|x64.ActiveCfg = Release|x64
		{10AD0BC5-E773-4CEB-A6CA-34EABCE06165}.Release|x64.Build.0 = Release|x64
		{10AD0BC5-E773-4CEB-A6CA-34EABCE06165}.Release|x86.ActiveCfg = Release|Win32
		{10AD0BC5-E773-4CEB-A6CA-34EABCE06165}.Release|x86.Build.0 = Release|Win32
		{8D5207A2-D6B1-4470-BC81-AE195DFBFFA5}.Debug|x64.ActiveCfg = Debug|x64
		{8D5207A2-D6B1-4470-BC81-AE195DFBFFA5}.Debug|x64.Build.0 = Debug|x64
		{8D5207A2-D6B1-4470-BC81-AE195DFBFFA5}.Debug|x86.ActiveCfg = Debug|Win32
		{8D5207A2-D6B1-4470-BC81-AE195DFBFFA5}.Debug|x86.Build.0 = Debug|Win32
		{8D5207A2-D6B1-4470-BC81-AE195DFBFFA5}.Release|x64.ActiveCfg = Release|x64
		{8D5207A2-D6B1-4470-BC81-AE195DFBFFA5}.Release|x64.Build.0 = Release|x64
		{8D5207A2-D6B1-4470-BC81-AE195DFBFFA5}.Release|x86.ActiveCfg = Release|Win32
		{8D5207A2-D6B1-4470-BC81-AE195DFBFFA5}.Release|x86.Build.0 = Release|Win32
	EndGlobalSection
	GlobalSection(SolutionProperties) = preSolution
		HideSolutionNode = FALSE
	EndGlobalSection
	GlobalSection(ExtensibilityGlobals) = postSolution
		SolutionGuid = {92164BB8-DA4E-48C2-9B7F-C82B5E1A72D6}
	EndGlobalSection
EndGlobal
