<?xml version="1.0" encoding="utf-8"?>
<Project ToolsVersion="4.0" xmlns="http://schemas.microsoft.com/developer/msbuild/2003">
  <ItemGroup>
    <Filter Include="D2DFramework">
      <UniqueIdentifier>{61b8213c-29d8-4e9a-ba16-acf28f33d319}</UniqueIdentifier>
    </Filter>
    <Filter Include="D2DFrameworkTest">
      <UniqueIdentifier>{d6997843-cf3e-4bb0-a684-225c6849356f}</UniqueIdentifier>
    </Filter>
    <Filter Include="D2DFramework\Utilites">
      <UniqueIdentifier>{f114a82e-56e9-4c04-a7d3-360bbd55d038}</UniqueIdentifier>
    </Filter>
    <Filter Include="D2DFramework\UI">
      <UniqueIdentifier>{9689af73-cb3e-486c-aa1f-56bb80b53b3b}</UniqueIdentifier>
    </Filter>
    <Filter Include="D2DFramework\UI\Core">
      <UniqueIdentifier>{c31dc536-b26a-4689-8ef0-103505053d19}</UniqueIdentifier>
    </Filter>
    <Filter Include="D2DFramework\UI\Shapes">
      <UniqueIdentifier>{22dffade-86be-48ec-bbcf-f441c3ba6a7a}</UniqueIdentifier>
    </Filter>
    <Filter Include="D2DFramework\UI\UIElements">
      <UniqueIdentifier>{409d7f98-42a0-4eab-808a-34ef9d0307e9}</UniqueIdentifier>
    </Filter>
  </ItemGroup>
  <ItemGroup>
    <ClCompile Include="D2DFrameworkTest\BezierCurveTestRender.cpp">
      <Filter>D2DFrameworkTest</Filter>
    </ClCompile>
    <ClCompile Include="D2DFrameworkTest\main.cpp">
      <Filter>D2DFrameworkTest</Filter>
    </ClCompile>
    <ClCompile Include="D2DFramework\D2DFW.cpp">
      <Filter>D2DFramework</Filter>
    </ClCompile>
    <ClCompile Include="D2DFramework\D2DFWStandalone.cpp">
      <Filter>D2DFramework</Filter>
    </ClCompile>
    <ClCompile Include="D2DFramework\UI\UIElements\UIButton.cpp">
      <Filter>D2DFramework\UI\UIElements</Filter>
    </ClCompile>
    <ClCompile Include="D2DFramework\UI\UIElements\UICheckBox.cpp">
      <Filter>D2DFramework\UI\UIElements</Filter>
    </ClCompile>
    <ClCompile Include="D2DFramework\UI\UIElements\UIComboBox.cpp">
      <Filter>D2DFramework\UI\UIElements</Filter>
    </ClCompile>
    <ClCompile Include="D2DFramework\UI\UIElements\UISlider.cpp">
      <Filter>D2DFramework\UI\UIElements</Filter>
    </ClCompile>
    <ClCompile Include="D2DFramework\UI\Core\UIElementBase.cpp">
      <Filter>D2DFramework\UI\Core</Filter>
    </ClCompile>
    <ClCompile Include="D2DFramework\UI\Core\BaseShape.cpp">
      <Filter>D2DFramework\UI\Core</Filter>
    </ClCompile>
    <ClCompile Include="D2DFramework\UI\UIElements\UIElementSimple.cpp">
      <Filter>D2DFramework\UI\UIElements</Filter>
    </ClCompile>
    <ClCompile Include="D2DFramework\UI\Shapes\CircleShape.cpp">
      <Filter>D2DFramework\UI\Shapes</Filter>
    </ClCompile>
    <ClCompile Include="D2DFramework\UI\Shapes\RectShape.cpp">
      <Filter>D2DFramework\UI\Shapes</Filter>
    </ClCompile>
    <ClCompile Include="D2DFramework\UI\Shapes\TriangleShape.cpp">
      <Filter>D2DFramework\UI\Shapes</Filter>
    </ClCompile>
    <ClCompile Include="D2DFramework\D2DFWUI.cpp">
      <Filter>D2DFramework</Filter>
    </ClCompile>
    <ClCompile Include="D2DFrameworkTest\MyUIApp.cpp">
      <Filter>D2DFrameworkTest</Filter>
    </ClCompile>
  </ItemGroup>
  <ItemGroup>
    <ClInclude Include="D2DFrameworkTest\BezierCurveTestRender.h">
      <Filter>D2DFrameworkTest</Filter>
    </ClInclude>
    <ClInclude Include="D2DFramework\Utilites\Macroses.h">
      <Filter>D2DFramework\Utilites</Filter>
    </ClInclude>
    <ClInclude Include="D2DFramework\Utilites\Structures.h">
      <Filter>D2DFramework\Utilites</Filter>
    </ClInclude>
    <ClInclude Include="D2DFramework\d2dframework.h">
      <Filter>D2DFramework</Filter>
    </ClInclude>
    <ClInclude Include="D2DFramework\D2DFW.h">
      <Filter>D2DFramework</Filter>
    </ClInclude>
    <ClInclude Include="D2DFramework\D2DFWStandalone.h">
      <Filter>D2DFramework</Filter>
    </ClInclude>
    <ClInclude Include="D2DFramework\pch.h">
      <Filter>D2DFramework</Filter>
    </ClInclude>
    <ClInclude Include="D2DFramework\D2DFWUI.h">
      <Filter>D2DFramework</Filter>
    </ClInclude>
    <ClInclude Include="D2DFrameworkTest\MyUIApp.h">
      <Filter>D2DFrameworkTest</Filter>
    </ClInclude>
    <ClInclude Include="D2DFramework\UI\Shapes\CircleShape.h">
      <Filter>D2DFramework\UI\Shapes</Filter>
    </ClInclude>
    <ClInclude Include="D2DFramework\UI\Shapes\RectShape.h">
      <Filter>D2DFramework\UI\Shapes</Filter>
    </ClInclude>
    <ClInclude Include="D2DFramework\UI\Shapes\TriangleShape.h">
      <Filter>D2DFramework\UI\Shapes</Filter>
    </ClInclude>
    <ClInclude Include="D2DFramework\UI\UIElements\UIButton.h">
      <Filter>D2DFramework\UI\UIElements</Filter>
    </ClInclude>
    <ClInclude Include="D2DFramework\UI\UIElements\UICheckBox.h">
      <Filter>D2DFramework\UI\UIElements</Filter>
    </ClInclude>
    <ClInclude Include="D2DFramework\UI\UIElements\UIComboBox.h">
      <Filter>D2DFramework\UI\UIElements</Filter>
    </ClInclude>
    <ClInclude Include="D2DFramework\UI\UIElements\UIElementSimple.h">
      <Filter>D2DFramework\UI\UIElements</Filter>
    </ClInclude>
    <ClInclude Include="D2DFramework\UI\UIElements\UISlider.h">
      <Filter>D2DFramework\UI\UIElements</Filter>
    </ClInclude>
    <ClInclude Include="D2DFramework\UI\Core\UIElementBase.h">
      <Filter>D2DFramework\UI\Core</Filter>
    </ClInclude>
    <ClInclude Include="D2DFramework\UI\Core\BaseShape.h">
      <Filter>D2DFramework\UI\Core</Filter>
    </ClInclude>
    <ClInclude Include="D2DFramework\UI\Core\UIElementBaseWithInput.h">
      <Filter>D2DFramework\UI\Core</Filter>
    </ClInclude>
  </ItemGroup>
</Project>