<?xml version="1.0" encoding="utf-8"?>
<Project ToolsVersion="4.0" xmlns="http://schemas.microsoft.com/developer/msbuild/2003">
  <ItemGroup>
    <Filter Include="Source Files">
      <UniqueIdentifier>{4FC737F1-C7A5-4376-A066-2A32D752A2FF}</UniqueIdentifier>
      <Extensions>cpp;c;cc;cxx;c++;cppm;ixx;def;odl;idl;hpj;bat;asm;asmx</Extensions>
    </Filter>
    <Filter Include="Header Files">
      <UniqueIdentifier>{93995380-89BD-4b04-88EB-625FBE52EBFB}</UniqueIdentifier>
      <Extensions>h;hh;hpp;hxx;h++;hm;inl;inc;ipp;xsd</Extensions>
    </Filter>
    <Filter Include="Resource Files">
      <UniqueIdentifier>{67DA6AB6-F800-4c08-8B7A-83BB121AAD01}</UniqueIdentifier>
      <Extensions>rc;ico;cur;bmp;dlg;rc2;rct;bin;rgs;gif;jpg;jpeg;jpe;resx;tiff;tif;png;wav;mfcribbon-ms</Extensions>
    </Filter>
    <Filter Include="winwindow">
      <UniqueIdentifier>{a6124035-9949-4f71-893f-fdd9650d1a39}</UniqueIdentifier>
    </Filter>
    <Filter Include="d3dFDW">
      <UniqueIdentifier>{b8377237-057e-4daa-8c46-0ee2844bd294}</UniqueIdentifier>
    </Filter>
    <Filter Include="combineFDW">
      <UniqueIdentifier>{d4a37354-251f-43a5-8489-f47674608f50}</UniqueIdentifier>
    </Filter>
    <Filter Include="d2dFDW">
      <UniqueIdentifier>{2b59c1e6-82c1-4a0c-9392-bc26195f005f}</UniqueIdentifier>
    </Filter>
  </ItemGroup>
  <ItemGroup>
    <ClInclude Include="D2DFramework\d2dframework.h">
      <Filter>d2dFDW</Filter>
    </ClInclude>
    <ClInclude Include="D2DFramework\D2DFW.h">
      <Filter>d2dFDW</Filter>
    </ClInclude>
    <ClInclude Include="D2DFramework\D2DFWStandalone.h">
      <Filter>d2dFDW</Filter>
    </ClInclude>
    <ClInclude Include="D2DFramework\pch.h">
      <Filter>d2dFDW</Filter>
    </ClInclude>
    <ClInclude Include="D2DFramework\Utilites\Macroses.h">
      <Filter>d2dFDW</Filter>
    </ClInclude>
    <ClInclude Include="D2DFramework\Utilites\Structures.h">
      <Filter>d2dFDW</Filter>
    </ClInclude>
    <ClInclude Include="D3DFramework\d3dframework.h">
      <Filter>d3dFDW</Filter>
    </ClInclude>
    <ClInclude Include="D3DFramework\D3DFW.h">
      <Filter>d3dFDW</Filter>
    </ClInclude>
    <ClInclude Include="D3DFramework\pch.h">
      <Filter>d3dFDW</Filter>
    </ClInclude>
    <ClInclude Include="D3DFramework\DB\DBCore.h">
      <Filter>d3dFDW</Filter>
    </ClInclude>
    <ClInclude Include="D3DFramework\EasyD3DFW\EasyD3DFW.h">
      <Filter>d3dFDW</Filter>
    </ClInclude>
    <ClInclude Include="D3DFramework\EasyD3DFW\EasyMacroses.h">
      <Filter>d3dFDW</Filter>
    </ClInclude>
    <ClInclude Include="D3DFramework\GraphicUtilites\BufferDescriptorHeap.h">
      <Filter>d3dFDW</Filter>
    </ClInclude>
    <ClInclude Include="D3DFramework\GraphicUtilites\BufferMananger.h">
      <Filter>d3dFDW</Filter>
    </ClInclude>
    <ClInclude Include="D3DFramework\GraphicUtilites\CommandList.h">
      <Filter>d3dFDW</Filter>
    </ClInclude>
    <ClInclude Include="D3DFramework\GraphicUtilites\CommandQueue.h">
      <Filter>d3dFDW</Filter>
    </ClInclude>
    <ClInclude Include="D3DFramework\GraphicUtilites\DepthStencilView.h">
      <Filter>d3dFDW</Filter>
    </ClInclude>
    <ClInclude Include="D3DFramework\GraphicUtilites\FResource.h">
      <Filter>d3dFDW</Filter>
    </ClInclude>
    <ClInclude Include="D3DFramework\GraphicUtilites\InputLayout.h">
      <Filter>d3dFDW</Filter>
    </ClInclude>
    <ClInclude Include="D3DFramework\GraphicUtilites\Materials.h">
      <Filter>d3dFDW</Filter>
    </ClInclude>
    <ClInclude Include="D3DFramework\GraphicUtilites\PipelineStateObject.h">
      <Filter>d3dFDW</Filter>
    </ClInclude>
    <ClInclude Include="D3DFramework\GraphicUtilites\PostProcessing.h">
      <Filter>d3dFDW</Filter>
    </ClInclude>
    <ClInclude Include="D3DFramework\GraphicUtilites\RenderTarget.h">
      <Filter>d3dFDW</Filter>
    </ClInclude>
    <ClInclude Include="D3DFramework\GraphicUtilites\ResourcePacker.h">
      <Filter>d3dFDW</Filter>
    </ClInclude>
    <ClInclude Include="D3DFramework\GraphicUtilites\RootSignature.h">
      <Filter>d3dFDW</Filter>
    </ClInclude>
    <ClInclude Include="D3DFramework\GraphicUtilites\Shader.h">
      <Filter>d3dFDW</Filter>
    </ClInclude>
    <ClInclude Include="D3DFramework\Objects\MaterialsMananger.h">
      <Filter>d3dFDW</Filter>
    </ClInclude>
    <ClInclude Include="D3DFramework\Objects\Object.h">
      <Filter>d3dFDW</Filter>
    </ClInclude>
    <ClInclude Include="D3DFramework\Objects\Scene.h">
      <Filter>d3dFDW</Filter>
    </ClInclude>
    <ClInclude Include="D3DFramework\Objects\SimpleObjects.h">
      <Filter>d3dFDW</Filter>
    </ClInclude>
    <ClInclude Include="D3DFramework\Utilites\Audio.h">
      <Filter>d3dFDW</Filter>
    </ClInclude>
    <ClInclude Include="D3DFramework\Utilites\AudioMananger.h">
      <Filter>d3dFDW</Filter>
    </ClInclude>
    <ClInclude Include="D3DFramework\Utilites\Macroses.h">
      <Filter>d3dFDW</Filter>
    </ClInclude>
    <ClInclude Include="D3DFramework\Utilites\Structures.h">
      <Filter>d3dFDW</Filter>
    </ClInclude>
    <ClInclude Include="D3DFramework\Utilites\UtilFunctions.h">
      <Filter>d3dFDW</Filter>
    </ClInclude>
    <ClInclude Include="WinWindow\pch.h">
      <Filter>winwindow</Filter>
    </ClInclude>
    <ClInclude Include="WinWindow\WinWindow.h">
      <Filter>winwindow</Filter>
    </ClInclude>
    <ClInclude Include="WinWindow\Utils\Macroses.h">
      <Filter>winwindow</Filter>
    </ClInclude>
    <ClInclude Include="WinWindow\Utils\Timer.h">
      <Filter>winwindow</Filter>
    </ClInclude>
    <ClInclude Include="WinWindow\Utils\WindowSettings.h">
      <Filter>winwindow</Filter>
    </ClInclude>
    <ClInclude Include="DFWCombine\D2DFWDXGI.h">
      <Filter>combineFDW</Filter>
    </ClInclude>
    <ClInclude Include="DFWCombine\DFW.h">
      <Filter>combineFDW</Filter>
    </ClInclude>
    <ClInclude Include="DFWCombine\framework.h">
      <Filter>combineFDW</Filter>
    </ClInclude>
    <ClInclude Include="DFWCombine\pch.h">
      <Filter>combineFDW</Filter>
    </ClInclude>
  </ItemGroup>
  <ItemGroup>
    <ClCompile Include="D2DFramework\D2DFW.cpp">
      <Filter>d2dFDW</Filter>
    </ClCompile>
    <ClCompile Include="D2DFramework\D2DFWStandalone.cpp">
      <Filter>d2dFDW</Filter>
    </ClCompile>
    <ClCompile Include="D3DFramework\D3DFW.cpp">
      <Filter>d3dFDW</Filter>
    </ClCompile>
    <ClCompile Include="D3DFramework\pch.cpp">
      <Filter>d3dFDW</Filter>
    </ClCompile>
    <ClCompile Include="D3DFramework\DB\DBCore.cpp">
      <Filter>d3dFDW</Filter>
    </ClCompile>
    <ClCompile Include="D3DFramework\EasyD3DFW\EasyD3DFW.cpp">
      <Filter>d3dFDW</Filter>
    </ClCompile>
    <ClCompile Include="D3DFramework\GraphicUtilites\BufferDescriptorHeap.cpp">
      <Filter>d3dFDW</Filter>
    </ClCompile>
    <ClCompile Include="D3DFramework\GraphicUtilites\BufferMananger.cpp">
      <Filter>d3dFDW</Filter>
    </ClCompile>
    <ClCompile Include="D3DFramework\GraphicUtilites\CommandList.cpp">
      <Filter>d3dFDW</Filter>
    </ClCompile>
    <ClCompile Include="D3DFramework\GraphicUtilites\CommandQueue.cpp">
      <Filter>d3dFDW</Filter>
    </ClCompile>
    <ClCompile Include="D3DFramework\GraphicUtilites\DepthStencilView.cpp">
      <Filter>d3dFDW</Filter>
    </ClCompile>
    <ClCompile Include="D3DFramework\GraphicUtilites\FResource.cpp">
      <Filter>d3dFDW</Filter>
    </ClCompile>
    <ClCompile Include="D3DFramework\GraphicUtilites\Materials.cpp">
      <Filter>d3dFDW</Filter>
    </ClCompile>
    <ClCompile Include="D3DFramework\GraphicUtilites\PipelineStateObject.cpp">
      <Filter>d3dFDW</Filter>
    </ClCompile>
    <ClCompile Include="D3DFramework\GraphicUtilites\PostProcessing.cpp">
      <Filter>d3dFDW</Filter>
    </ClCompile>
    <ClCompile Include="D3DFramework\GraphicUtilites\RenderTarget.cpp">
      <Filter>d3dFDW</Filter>
    </ClCompile>
    <ClCompile Include="D3DFramework\GraphicUtilites\ResourcePacker.cpp">
      <Filter>d3dFDW</Filter>
    </ClCompile>
    <ClCompile Include="D3DFramework\GraphicUtilites\RootSignature.cpp">
      <Filter>d3dFDW</Filter>
    </ClCompile>
    <ClCompile Include="D3DFramework\GraphicUtilites\Shader.cpp">
      <Filter>d3dFDW</Filter>
    </ClCompile>
    <ClCompile Include="D3DFramework\Objects\MaterialsMananger.cpp">
      <Filter>d3dFDW</Filter>
    </ClCompile>
    <ClCompile Include="D3DFramework\Objects\Object.cpp">
      <Filter>d3dFDW</Filter>
    </ClCompile>
    <ClCompile Include="D3DFramework\Objects\Scene.cpp">
      <Filter>d3dFDW</Filter>
    </ClCompile>
    <ClCompile Include="D3DFramework\Objects\SimpleObjects.cpp">
      <Filter>d3dFDW</Filter>
    </ClCompile>
    <ClCompile Include="D3DFramework\Utilites\Audio.cpp">
      <Filter>d3dFDW</Filter>
    </ClCompile>
    <ClCompile Include="D3DFramework\Utilites\AudioMananger.cpp">
      <Filter>d3dFDW</Filter>
    </ClCompile>
    <ClCompile Include="WinWindow\WinWindow.cpp">
      <Filter>winwindow</Filter>
    </ClCompile>
    <ClCompile Include="WinWindow\Utils\Timer.cpp">
      <Filter>winwindow</Filter>
    </ClCompile>
    <ClCompile Include="DFWCombine\D2DFWDXGI.cpp">
      <Filter>combineFDW</Filter>
    </ClCompile>
    <ClCompile Include="DFWCombine\DFW.cpp">
      <Filter>combineFDW</Filter>
    </ClCompile>
  </ItemGroup>
  <ItemGroup>
    <CudaCompile Include="D3DFramework\GraphicUtilites\PostProcessingAlgorithms.cu">
      <Filter>d3dFDW</Filter>
    </CudaCompile>
    <CudaCompile Include="D3DFramework\GraphicUtilites\PostProcessingAlgorithms.cuh">
      <Filter>d3dFDW</Filter>
    </CudaCompile>
  </ItemGroup>
</Project>