<?xml version="1.0" encoding="utf-8"?>
<Project ToolsVersion="4.0" xmlns="http://schemas.microsoft.com/developer/msbuild/2003">
  <ItemGroup>
    <Filter Include="main">
      <UniqueIdentifier>{42e43ee5-fa45-4ffb-9306-6156fbe83e87}</UniqueIdentifier>
    </Filter>
    <Filter Include="mainRenderer">
      <UniqueIdentifier>{7ac35956-5737-4f41-b4ca-1a91472497d0}</UniqueIdentifier>
    </Filter>
    <Filter Include="Utilities">
      <UniqueIdentifier>{c5a3cdc2-689b-4111-a102-8a0bab96fa83}</UniqueIdentifier>
    </Filter>
    <Filter Include="UI">
      <UniqueIdentifier>{244b78f7-c25c-44f3-98f1-053ecb3a9c0f}</UniqueIdentifier>
    </Filter>
    <Filter Include="__IMGUI">
      <UniqueIdentifier>{29d2e9d5-4696-41b4-bc1c-07e4c797160d}</UniqueIdentifier>
    </Filter>
    <Filter Include="Camera">
      <UniqueIdentifier>{66d738e4-34be-4b10-8d16-c8009daf7b39}</UniqueIdentifier>
    </Filter>
    <Filter Include="RenderableObjects">
      <UniqueIdentifier>{052d535b-317d-454c-8523-bfc760f8dd1f}</UniqueIdentifier>
    </Filter>
  </ItemGroup>
  <ItemGroup>
    <ClCompile Include="main.cpp">
      <Filter>main</Filter>
    </ClCompile>
    <ClCompile Include="MainRenderer\MainRenderer.cpp">
      <Filter>mainRenderer</Filter>
    </ClCompile>
    <ClCompile Include="UI\MainRenderer_UIComponent.cpp">
      <Filter>UI</Filter>
    </ClCompile>
    <ClCompile Include="include\imgui\imgui.cpp">
      <Filter>__IMGUI</Filter>
    </ClCompile>
    <ClCompile Include="include\imgui\imgui_demo.cpp">
      <Filter>__IMGUI</Filter>
    </ClCompile>
    <ClCompile Include="include\imgui\imgui_draw.cpp">
      <Filter>__IMGUI</Filter>
    </ClCompile>
    <ClCompile Include="include\imgui\imgui_tables.cpp">
      <Filter>__IMGUI</Filter>
    </ClCompile>
    <ClCompile Include="include\imgui\imgui_widgets.cpp">
      <Filter>__IMGUI</Filter>
    </ClCompile>
    <ClCompile Include="include\imgui\backends\imgui_impl_dx12.cpp">
      <Filter>__IMGUI</Filter>
    </ClCompile>
    <ClCompile Include="include\imgui\backends\imgui_impl_win32.cpp">
      <Filter>__IMGUI</Filter>
    </ClCompile>
    <ClCompile Include="MainRenderer\MainRendererComponent.cpp">
      <Filter>mainRenderer</Filter>
    </ClCompile>
    <ClCompile Include="UI\UIInputLayer.cpp">
      <Filter>UI</Filter>
    </ClCompile>
    <ClCompile Include="Camera\CameraInputLayer.cpp">
      <Filter>Camera</Filter>
    </ClCompile>
    <ClCompile Include="Camera\MainRenderer_CameraComponent.cpp">
      <Filter>Camera</Filter>
    </ClCompile>
    <ClCompile Include="MainRenderer\PSOManager.cpp">
      <Filter>mainRenderer</Filter>
    </ClCompile>
    <ClCompile Include="MainRenderer\GlobalConfig.cpp">
      <Filter>mainRenderer</Filter>
    </ClCompile>
    <ClCompile Include="RenderableObjects\BaseRenderableObject.cpp">
      <Filter>RenderableObjects</Filter>
    </ClCompile>
    <ClCompile Include="RenderableObjects\RenderableMesh.cpp">
      <Filter>RenderableObjects</Filter>
    </ClCompile>
    <ClCompile Include="RenderableObjects\RenderableMeshElement.cpp">
      <Filter>RenderableObjects</Filter>
    </ClCompile>
    <ClCompile Include="RenderableObjects\RenderableSimpleObject.cpp">
      <Filter>RenderableObjects</Filter>
    </ClCompile>
    <ClCompile Include="RenderableObjects\MainRenderer_RenderableObjectsManager.cpp">
      <Filter>RenderableObjects</Filter>
    </ClCompile>
    <ClCompile Include="RenderableObjects\RenderableSkyboxObject.cpp">
      <Filter>RenderableObjects</Filter>
    </ClCompile>
    <ClCompile Include="RenderableObjects\RenderableAudioObject.cpp">
      <Filter>RenderableObjects</Filter>
    </ClCompile>
  </ItemGroup>
  <ItemGroup>
    <ClInclude Include="pch.h">
      <Filter>main</Filter>
    </ClInclude>
    <ClInclude Include="MainRenderer\MainRenderer.h">
      <Filter>mainRenderer</Filter>
    </ClInclude>
    <ClInclude Include="UI\MainRenderer_UIComponent.h">
      <Filter>UI</Filter>
    </ClInclude>
    <ClInclude Include="MainRenderer\MainRendererComponent.h">
      <Filter>mainRenderer</Filter>
    </ClInclude>
    <ClInclude Include="UI\UIInputLayer.h">
      <Filter>UI</Filter>
    </ClInclude>
    <ClInclude Include="Camera\CameraInputLayer.h">
      <Filter>Camera</Filter>
    </ClInclude>
    <ClInclude Include="Camera\MainRenderer_CameraComponent.h">
      <Filter>Camera</Filter>
    </ClInclude>
    <ClInclude Include="MainRenderer\PSOManager.h">
      <Filter>mainRenderer</Filter>
    </ClInclude>
    <ClInclude Include="MainRenderer\GlobalConfig.h">
      <Filter>mainRenderer</Filter>
    </ClInclude>
    <ClInclude Include="RenderableObjects\BaseRenderableObject.h">
      <Filter>RenderableObjects</Filter>
    </ClInclude>
    <ClInclude Include="RenderableObjects\RenderableMesh.h">
      <Filter>RenderableObjects</Filter>
    </ClInclude>
    <ClInclude Include="RenderableObjects\RenderableMeshElement.h">
      <Filter>RenderableObjects</Filter>
    </ClInclude>
    <ClInclude Include="RenderableObjects\RenderableSimpleObject.h">
      <Filter>RenderableObjects</Filter>
    </ClInclude>
    <ClInclude Include="RenderableObjects\MainRenderer_RenderableObjectsManager.h">
      <Filter>RenderableObjects</Filter>
    </ClInclude>
    <ClInclude Include="RenderableObjects\RenderableSkyboxObject.h">
      <Filter>RenderableObjects</Filter>
    </ClInclude>
    <ClInclude Include="RenderableObjects\RenderableAudioObject.h">
      <Filter>RenderableObjects</Filter>
    </ClInclude>
    <ClInclude Include="RenderableObjects\MeshMaterialStructure.h">
      <Filter>RenderableObjects</Filter>
    </ClInclude>
  </ItemGroup>
</Project>